{
  "requires": true,
  "lockfileVersion": 1,
  "dependencies": {
    "moment": {
      "version": "2.29.1",
      "resolved": "https://registry.npm.taobao.org/moment/download/moment-2.29.1.tgz?cache=0&sync_timestamp=1601983320283&other_urls=https%3A%2F%2Fregistry.npm.taobao.org%2Fmoment%2Fdownload%2Fmoment-2.29.1.tgz",
      "integrity": "sha1-sr52n6MZQL6e7qZGnAdeNQBvo9M="
    },
    "vue-class-component": {
      "version": "7.2.6",
      "resolved": "https://registry.npm.taobao.org/vue-class-component/download/vue-class-component-7.2.6.tgz",
      "integrity": "sha1-hHHgN7jkdi9aRkaG4Z5a/HCFAuQ="
    },
    "vuex": {
      "version": "3.6.2",
      "resolved": "https://registry.npm.taobao.org/vuex/download/vuex-3.6.2.tgz",
      "integrity": "sha1-I2vAhqhww655lG8QfxbeWdWJXnE="
    },
    "vuex-pathify": {
      "version": "1.4.5",
      "resolved": "https://registry.npm.taobao.org/vuex-pathify/download/vuex-pathify-1.4.5.tgz",
      "integrity": "sha1-mpjoTU5B3CNklVaPZd7H3nIf85U=",
      "requires": {
        "vue-class-component": "^7.2.6"
      }
    }
  }
}
